// !$*UTF8*$!
{
	archiveVersion = 1;
	classes = {
	};
	objectVersion = 55;
	objects = {

/* Begin PBXBuildFile section */
		2F15F66228E5C28C00635CE7 /* iOS-study-exam3.swift in Sources */ = {isa = PBXBuildFile; fileRef = 2F15F65F28E5ADF000635CE7 /* iOS-study-exam3.swift */; };
/* End PBXBuildFile section */

/* Begin PBXCopyFilesBuildPhase section */
		2F99125D288E3D36001BB14F /* CopyFiles */ = {
			isa = PBXCopyFilesBuildPhase;
			buildActionMask = 2147483647;
			dstPath = /usr/share/man/man1/;
			dstSubfolderSpec = 0;
			files = (
			);
			runOnlyForDeploymentPostprocessing = 1;
		};
/* End PBXCopyFilesBuildPhase section */

/* Begin PBXFileReference section */
		2F15F65F28E5ADF000635CE7 /* iOS-study-exam3.swift */ = {isa = PBXFileReference; lastKnownFileType = sourcecode.swift; path = "iOS-study-exam3.swift"; sourceTree = "<group>"; };
		2F99125F288E3D36001BB14F /* iOS study */ = {isa = PBXFileReference; explicitFileType = "compiled.mach-o.executable"; includeInIndex = 0; path = "iOS study"; sourceTree = BUILT_PRODUCTS_DIR; };
		2FC4BBB928E33DAD005F8D9C /* Protocol.swift */ = {isa = PBXFileReference; fileEncoding = 4; lastKnownFileType = sourcecode.swift; path = Protocol.swift; sourceTree = "<group>"; };
		2FC4BBBA28E33DAD005F8D9C /* Closure.swift */ = {isa = PBXFileReference; fileEncoding = 4; lastKnownFileType = sourcecode.swift; path = Closure.swift; sourceTree = "<group>"; };
		2FC4BBBB28E33DAD005F8D9C /* Function2.swift */ = {isa = PBXFileReference; fileEncoding = 4; lastKnownFileType = sourcecode.swift; path = Function2.swift; sourceTree = "<group>"; };
		2FC4BBBC28E33DAD005F8D9C /* Property.swift */ = {isa = PBXFileReference; fileEncoding = 4; lastKnownFileType = sourcecode.swift; path = Property.swift; sourceTree = "<group>"; };
		2FC4BBBD28E33DAD005F8D9C /* Inheritance.swift */ = {isa = PBXFileReference; fileEncoding = 4; lastKnownFileType = sourcecode.swift; path = Inheritance.swift; sourceTree = "<group>"; };
		2FC4BBBE28E33DAD005F8D9C /* Structure & Class.swift */ = {isa = PBXFileReference; fileEncoding = 4; lastKnownFileType = sourcecode.swift; path = "Structure & Class.swift"; sourceTree = "<group>"; };
		2FC4BBBF28E33DAD005F8D9C /* Loop.swift */ = {isa = PBXFileReference; fileEncoding = 4; lastKnownFileType = sourcecode.swift; path = Loop.swift; sourceTree = "<group>"; };
		2FC4BBC028E33DAD005F8D9C /* Subscript.swift */ = {isa = PBXFileReference; fileEncoding = 4; lastKnownFileType = sourcecode.swift; path = Subscript.swift; sourceTree = "<group>"; };
		2FC4BBC128E33DAD005F8D9C /* Type-casting.swift */ = {isa = PBXFileReference; fileEncoding = 4; lastKnownFileType = sourcecode.swift; path = "Type-casting.swift"; sourceTree = "<group>"; };
		2FC4BBC228E33DAD005F8D9C /* Conditional.swift */ = {isa = PBXFileReference; fileEncoding = 4; lastKnownFileType = sourcecode.swift; path = Conditional.swift; sourceTree = "<group>"; };
		2FC4BBC328E33DAD005F8D9C /* Extension.swift */ = {isa = PBXFileReference; fileEncoding = 4; lastKnownFileType = sourcecode.swift; path = Extension.swift; sourceTree = "<group>"; };
		2FC4BBC428E33DAD005F8D9C /* instance.swift */ = {isa = PBXFileReference; fileEncoding = 4; lastKnownFileType = sourcecode.swift; path = instance.swift; sourceTree = "<group>"; };
		2FC4BBC528E33DAD005F8D9C /* Access Control.swift */ = {isa = PBXFileReference; fileEncoding = 4; lastKnownFileType = sourcecode.swift; path = "Access Control.swift"; sourceTree = "<group>"; };
		2FC4BBC628E33DAD005F8D9C /* Closure2.swift */ = {isa = PBXFileReference; fileEncoding = 4; lastKnownFileType = sourcecode.swift; path = Closure2.swift; sourceTree = "<group>"; };
		2FC4BBC728E33DAD005F8D9C /* Collection type.swift */ = {isa = PBXFileReference; fileEncoding = 4; lastKnownFileType = sourcecode.swift; path = "Collection type.swift"; sourceTree = "<group>"; };
		2FC4BBC828E33DAD005F8D9C /* hello Swift.swift */ = {isa = PBXFileReference; fileEncoding = 4; lastKnownFileType = sourcecode.swift; path = "hello Swift.swift"; sourceTree = "<group>"; };
		2FC4BBC928E33DAD005F8D9C /* Monad.swift */ = {isa = PBXFileReference; fileEncoding = 4; lastKnownFileType = sourcecode.swift; path = Monad.swift; sourceTree = "<group>"; };
		2FC4BBCA28E33DAD005F8D9C /* iOS-study-exam2.swift */ = {isa = PBXFileReference; fileEncoding = 4; lastKnownFileType = sourcecode.swift; path = "iOS-study-exam2.swift"; sourceTree = "<group>"; };
		2FC4BBCB28E33DAD005F8D9C /* Higher-order function.swift */ = {isa = PBXFileReference; fileEncoding = 4; lastKnownFileType = sourcecode.swift; path = "Higher-order function.swift"; sourceTree = "<group>"; };
		2FC4BBCC28E33DAD005F8D9C /* Function.swift */ = {isa = PBXFileReference; fileEncoding = 4; lastKnownFileType = sourcecode.swift; path = Function.swift; sourceTree = "<group>"; };
		2FC4BBCD28E33DAD005F8D9C /* Property_practice.swift */ = {isa = PBXFileReference; fileEncoding = 4; lastKnownFileType = sourcecode.swift; path = Property_practice.swift; sourceTree = "<group>"; };
		2FC4BBCE28E33DAD005F8D9C /* Optional.swift */ = {isa = PBXFileReference; fileEncoding = 4; lastKnownFileType = sourcecode.swift; path = Optional.swift; sourceTree = "<group>"; };
		2FC4BBCF28E33DAD005F8D9C /* Func programming.swift */ = {isa = PBXFileReference; fileEncoding = 4; lastKnownFileType = sourcecode.swift; path = "Func programming.swift"; sourceTree = "<group>"; };
		2FC4BBD028E33DAD005F8D9C /* iOS-study-exam.swift */ = {isa = PBXFileReference; fileEncoding = 4; lastKnownFileType = sourcecode.swift; path = "iOS-study-exam.swift"; sourceTree = "<group>"; };
		2FC4BBE928E33DDA005F8D9C /* Optional2.swift */ = {isa = PBXFileReference; lastKnownFileType = sourcecode.swift; path = Optional2.swift; sourceTree = "<group>"; };
/* End PBXFileReference section */

/* Begin PBXFrameworksBuildPhase section */
		2F99125C288E3D36001BB14F /* Frameworks */ = {
			isa = PBXFrameworksBuildPhase;
			buildActionMask = 2147483647;
			files = (
			);
			runOnlyForDeploymentPostprocessing = 0;
		};
/* End PBXFrameworksBuildPhase section */

/* Begin PBXGroup section */
		2F991256288E3D36001BB14F = {
			isa = PBXGroup;
			children = (
				2FC4BBB828E33DAD005F8D9C /* iOS-Study */,
				2F991260288E3D36001BB14F /* Products */,
			);
			sourceTree = "<group>";
		};
		2F991260288E3D36001BB14F /* Products */ = {
			isa = PBXGroup;
			children = (
				2F99125F288E3D36001BB14F /* iOS study */,
			);
			name = Products;
			sourceTree = "<group>";
		};
		2FC4BBB828E33DAD005F8D9C /* iOS-Study */ = {
			isa = PBXGroup;
			children = (
				2FC4BBB928E33DAD005F8D9C /* Protocol.swift */,
				2FC4BBBA28E33DAD005F8D9C /* Closure.swift */,
				2FC4BBBB28E33DAD005F8D9C /* Function2.swift */,
				2FC4BBBC28E33DAD005F8D9C /* Property.swift */,
				2FC4BBBD28E33DAD005F8D9C /* Inheritance.swift */,
				2FC4BBBE28E33DAD005F8D9C /* Structure & Class.swift */,
				2FC4BBBF28E33DAD005F8D9C /* Loop.swift */,
				2FC4BBC028E33DAD005F8D9C /* Subscript.swift */,
				2FC4BBC128E33DAD005F8D9C /* Type-casting.swift */,
				2FC4BBC228E33DAD005F8D9C /* Conditional.swift */,
				2FC4BBC328E33DAD005F8D9C /* Extension.swift */,
				2FC4BBC428E33DAD005F8D9C /* instance.swift */,
				2FC4BBC528E33DAD005F8D9C /* Access Control.swift */,
				2FC4BBC628E33DAD005F8D9C /* Closure2.swift */,
				2FC4BBC728E33DAD005F8D9C /* Collection type.swift */,
				2FC4BBC828E33DAD005F8D9C /* hello Swift.swift */,
				2FC4BBC928E33DAD005F8D9C /* Monad.swift */,
				2FC4BBCA28E33DAD005F8D9C /* iOS-study-exam2.swift */,
				2FC4BBCB28E33DAD005F8D9C /* Higher-order function.swift */,
				2FC4BBCC28E33DAD005F8D9C /* Function.swift */,
				2FC4BBCD28E33DAD005F8D9C /* Property_practice.swift */,
				2FC4BBCE28E33DAD005F8D9C /* Optional.swift */,
				2FC4BBCF28E33DAD005F8D9C /* Func programming.swift */,
				2FC4BBD028E33DAD005F8D9C /* iOS-study-exam.swift */,
				2FC4BBE928E33DDA005F8D9C /* Optional2.swift */,
				2F15F65F28E5ADF000635CE7 /* iOS-study-exam3.swift */,
			);
			path = "iOS-Study";
			sourceTree = "<group>";
		};
/* End PBXGroup section */

/* Begin PBXNativeTarget section */
		2F99125E288E3D36001BB14F /* iOS study */ = {
			isa = PBXNativeTarget;
			buildConfigurationList = 2F991266288E3D36001BB14F /* Build configuration list for PBXNativeTarget "iOS study" */;
			buildPhases = (
				2F99125B288E3D36001BB14F /* Sources */,
				2F99125C288E3D36001BB14F /* Frameworks */,
				2F99125D288E3D36001BB14F /* CopyFiles */,
			);
			buildRules = (
			);
			dependencies = (
			);
			name = "iOS study";
			productName = "iOS study";
			productReference = 2F99125F288E3D36001BB14F /* iOS study */;
			productType = "com.apple.product-type.tool";
		};
/* End PBXNativeTarget section */

/* Begin PBXProject section */
		2F991257288E3D36001BB14F /* Project object */ = {
			isa = PBXProject;
			attributes = {
				BuildIndependentTargetsInParallel = 1;
				LastSwiftUpdateCheck = 1340;
				LastUpgradeCheck = 1400;
				TargetAttributes = {
					2F99125E288E3D36001BB14F = {
						CreatedOnToolsVersion = 13.4;
						LastSwiftMigration = 1400;
					};
				};
			};
			buildConfigurationList = 2F99125A288E3D36001BB14F /* Build configuration list for PBXProject "iOS study" */;
			compatibilityVersion = "Xcode 13.0";
			developmentRegion = en;
			hasScannedForEncodings = 0;
			knownRegions = (
				en,
				Base,
			);
			mainGroup = 2F991256288E3D36001BB14F;
			productRefGroup = 2F991260288E3D36001BB14F /* Products */;
			projectDirPath = "";
			projectRoot = "";
			targets = (
				2F99125E288E3D36001BB14F /* iOS study */,
			);
		};
/* End PBXProject section */

/* Begin PBXSourcesBuildPhase section */
		2F99125B288E3D36001BB14F /* Sources */ = {
			isa = PBXSourcesBuildPhase;
			buildActionMask = 2147483647;
			files = (
				2F15F66228E5C28C00635CE7 /* iOS-study-exam3.swift in Sources */,
			);
			runOnlyForDeploymentPostprocessing = 0;
		};
/* End PBXSourcesBuildPhase section */

/* Begin XCBuildConfiguration section */
		2F991264288E3D36001BB14F /* Debug */ = {
			isa = XCBuildConfiguration;
			buildSettings = {
				ALWAYS_SEARCH_USER_PATHS = NO;
				CLANG_ANALYZER_NONNULL = YES;
				CLANG_ANALYZER_NUMBER_OBJECT_CONVERSION = YES_AGGRESSIVE;
				CLANG_CXX_LANGUAGE_STANDARD = "gnu++17";
				CLANG_ENABLE_MODULES = YES;
				CLANG_ENABLE_OBJC_ARC = YES;
				CLANG_ENABLE_OBJC_WEAK = YES;
				CLANG_WARN_BLOCK_CAPTURE_AUTORELEASING = YES;
				CLANG_WARN_BOOL_CONVERSION = YES;
				CLANG_WARN_COMMA = YES;
				CLANG_WARN_CONSTANT_CONVERSION = YES;
				CLANG_WARN_DEPRECATED_OBJC_IMPLEMENTATIONS = YES;
				CLANG_WARN_DIRECT_OBJC_ISA_USAGE = YES_ERROR;
				CLANG_WARN_DOCUMENTATION_COMMENTS = YES;
				CLANG_WARN_EMPTY_BODY = YES;
				CLANG_WARN_ENUM_CONVERSION = YES;
				CLANG_WARN_INFINITE_RECURSION = YES;
				CLANG_WARN_INT_CONVERSION = YES;
				CLANG_WARN_NON_LITERAL_NULL_CONVERSION = YES;
				CLANG_WARN_OBJC_IMPLICIT_RETAIN_SELF = YES;
				CLANG_WARN_OBJC_LITERAL_CONVERSION = YES;
				CLANG_WARN_OBJC_ROOT_CLASS = YES_ERROR;
				CLANG_WARN_QUOTED_INCLUDE_IN_FRAMEWORK_HEADER = YES;
				CLANG_WARN_RANGE_LOOP_ANALYSIS = YES;
				CLANG_WARN_STRICT_PROTOTYPES = YES;
				CLANG_WARN_SUSPICIOUS_MOVE = YES;
				CLANG_WARN_UNGUARDED_AVAILABILITY = YES_AGGRESSIVE;
				CLANG_WARN_UNREACHABLE_CODE = YES;
				CLANG_WARN__DUPLICATE_METHOD_MATCH = YES;
				COPY_PHASE_STRIP = NO;
				DEAD_CODE_STRIPPING = YES;
				DEBUG_INFORMATION_FORMAT = dwarf;
				ENABLE_STRICT_OBJC_MSGSEND = YES;
				ENABLE_TESTABILITY = YES;
				GCC_C_LANGUAGE_STANDARD = gnu11;
				GCC_DYNAMIC_NO_PIC = NO;
				GCC_NO_COMMON_BLOCKS = YES;
				GCC_OPTIMIZATION_LEVEL = 0;
				GCC_PREPROCESSOR_DEFINITIONS = (
					"DEBUG=1",
					"$(inherited)",
				);
				GCC_WARN_64_TO_32_BIT_CONVERSION = YES;
				GCC_WARN_ABOUT_RETURN_TYPE = YES_ERROR;
				GCC_WARN_UNDECLARED_SELECTOR = YES;
				GCC_WARN_UNINITIALIZED_AUTOS = YES_AGGRESSIVE;
				GCC_WARN_UNUSED_FUNCTION = YES;
				GCC_WARN_UNUSED_VARIABLE = YES;
				MACOSX_DEPLOYMENT_TARGET = 12.3;
				MTL_ENABLE_DEBUG_INFO = INCLUDE_SOURCE;
				MTL_FAST_MATH = YES;
				ONLY_ACTIVE_ARCH = YES;
				SDKROOT = macosx;
				SWIFT_ACTIVE_COMPILATION_CONDITIONS = DEBUG;
				SWIFT_OPTIMIZATION_LEVEL = "-Onone";
			};
			name = Debug;
		};
		2F991265288E3D36001BB14F /* Release */ = {
			isa = XCBuildConfiguration;
			buildSettings = {
				ALWAYS_SEARCH_USER_PATHS = NO;
				CLANG_ANALYZER_NONNULL = YES;
				CLANG_ANALYZER_NUMBER_OBJECT_CONVERSION = YES_AGGRESSIVE;
				CLANG_CXX_LANGUAGE_STANDARD = "gnu++17";
				CLANG_ENABLE_MODULES = YES;
				CLANG_ENABLE_OBJC_ARC = YES;
				CLANG_ENABLE_OBJC_WEAK = YES;
				CLANG_WARN_BLOCK_CAPTURE_AUTORELEASING = YES;
				CLANG_WARN_BOOL_CONVERSION = YES;
				CLANG_WARN_COMMA = YES;
				CLANG_WARN_CONSTANT_CONVERSION = YES;
				CLANG_WARN_DEPRECATED_OBJC_IMPLEMENTATIONS = YES;
				CLANG_WARN_DIRECT_OBJC_ISA_USAGE = YES_ERROR;
				CLANG_WARN_DOCUMENTATION_COMMENTS = YES;
				CLANG_WARN_EMPTY_BODY = YES;
				CLANG_WARN_ENUM_CONVERSION = YES;
				CLANG_WARN_INFINITE_RECURSION = YES;
				CLANG_WARN_INT_CONVERSION = YES;
				CLANG_WARN_NON_LITERAL_NULL_CONVERSION = YES;
				CLANG_WARN_OBJC_IMPLICIT_RETAIN_SELF = YES;
				CLANG_WARN_OBJC_LITERAL_CONVERSION = YES;
				CLANG_WARN_OBJC_ROOT_CLASS = YES_ERROR;
				CLANG_WARN_QUOTED_INCLUDE_IN_FRAMEWORK_HEADER = YES;
				CLANG_WARN_RANGE_LOOP_ANALYSIS = YES;
				CLANG_WARN_STRICT_PROTOTYPES = YES;
				CLANG_WARN_SUSPICIOUS_MOVE = YES;
				CLANG_WARN_UNGUARDED_AVAILABILITY = YES_AGGRESSIVE;
				CLANG_WARN_UNREACHABLE_CODE = YES;
				CLANG_WARN__DUPLICATE_METHOD_MATCH = YES;
				COPY_PHASE_STRIP = NO;
				DEAD_CODE_STRIPPING = YES;
				DEBUG_INFORMATION_FORMAT = "dwarf-with-dsym";
				ENABLE_NS_ASSERTIONS = NO;
				ENABLE_STRICT_OBJC_MSGSEND = YES;
				GCC_C_LANGUAGE_STANDARD = gnu11;
				GCC_NO_COMMON_BLOCKS = YES;
				GCC_WARN_64_TO_32_BIT_CONVERSION = YES;
				GCC_WARN_ABOUT_RETURN_TYPE = YES_ERROR;
				GCC_WARN_UNDECLARED_SELECTOR = YES;
				GCC_WARN_UNINITIALIZED_AUTOS = YES_AGGRESSIVE;
				GCC_WARN_UNUSED_FUNCTION = YES;
				GCC_WARN_UNUSED_VARIABLE = YES;
				MACOSX_DEPLOYMENT_TARGET = 12.3;
				MTL_ENABLE_DEBUG_INFO = NO;
				MTL_FAST_MATH = YES;
				SDKROOT = macosx;
				SWIFT_COMPILATION_MODE = wholemodule;
				SWIFT_OPTIMIZATION_LEVEL = "-O";
			};
			name = Release;
		};
		2F991267288E3D36001BB14F /* Debug */ = {
			isa = XCBuildConfiguration;
			buildSettings = {
				CLANG_ENABLE_MODULES = YES;
				CODE_SIGN_IDENTITY = "-";
				CODE_SIGN_STYLE = Automatic;
				DEAD_CODE_STRIPPING = YES;
				LD_RUNPATH_SEARCH_PATHS = (
					"$(inherited)",
					"@executable_path/../Frameworks",
					"@loader_path/../Frameworks",
				);
				PRODUCT_NAME = "$(TARGET_NAME)";
				SWIFT_OPTIMIZATION_LEVEL = "-Onone";
				SWIFT_VERSION = 5.0;
			};
			name = Debug;
		};
		2F991268288E3D36001BB14F /* Release */ = {
			isa = XCBuildConfiguration;
			buildSettings = {
				CLANG_ENABLE_MODULES = YES;
				CODE_SIGN_IDENTITY = "-";
				CODE_SIGN_STYLE = Automatic;
				DEAD_CODE_STRIPPING = YES;
				LD_RUNPATH_SEARCH_PATHS = (
					"$(inherited)",
					"@executable_path/../Frameworks",
					"@loader_path/../Frameworks",
				);
				PRODUCT_NAME = "$(TARGET_NAME)";
				SWIFT_VERSION = 5.0;
			};
			name = Release;
		};
/* End XCBuildConfiguration section */

/* Begin XCConfigurationList section */
		2F99125A288E3D36001BB14F /* Build configuration list for PBXProject "iOS study" */ = {
			isa = XCConfigurationList;
			buildConfigurations = (
				2F991264288E3D36001BB14F /* Debug */,
				2F991265288E3D36001BB14F /* Release */,
			);
			defaultConfigurationIsVisible = 0;
			defaultConfigurationName = Release;
		};
		2F991266288E3D36001BB14F /* Build configuration list for PBXNativeTarget "iOS study" */ = {
			isa = XCConfigurationList;
			buildConfigurations = (
				2F991267288E3D36001BB14F /* Debug */,
				2F991268288E3D36001BB14F /* Release */,
			);
			defaultConfigurationIsVisible = 0;
			defaultConfigurationName = Release;
		};
/* End XCConfigurationList section */
	};
	rootObject = 2F991257288E3D36001BB14F /* Project object */;
}
